// !$*UTF8*$!
{
	archiveVersion = 1;
	classes = {
	};
	objectVersion = 56;
	objects = {

/* Begin PBXBuildFile section */
		F0D2F54A2B93A89D0091098E /* LoanDetailView.swift in Sources */ = {isa = PBXBuildFile; fileRef = F0D2F5492B93A89D0091098E /* LoanDetailView.swift */; };
		F0EE22AE2B9355AD00906035 /* Assets.xcassets in Resources */ = {isa = PBXBuildFile; fileRef = F0EE22AD2B9355AD00906035 /* Assets.xcassets */; };
		F0EE22B12B9355AD00906035 /* Preview Assets.xcassets in Resources */ = {isa = PBXBuildFile; fileRef = F0EE22B02B9355AD00906035 /* Preview Assets.xcassets */; };
		F0EE22D52B93560800906035 /* LoanModel.swift in Sources */ = {isa = PBXBuildFile; fileRef = F0EE22D42B93560800906035 /* LoanModel.swift */; };
		F0EE22D82B9358F200906035 /* LoanService.swift in Sources */ = {isa = PBXBuildFile; fileRef = F0EE22D72B9358F200906035 /* LoanService.swift */; };
		F0EE22DC2B935C0700906035 /* LoanMock.swift in Sources */ = {isa = PBXBuildFile; fileRef = F0EE22DB2B935C0700906035 /* LoanMock.swift */; };
		F0EE22E02B93600300906035 /* LoanView.swift in Sources */ = {isa = PBXBuildFile; fileRef = F0EE22DF2B93600300906035 /* LoanView.swift */; };
		F0EE22E82B93619900906035 /* LoanViewModel.swift in Sources */ = {isa = PBXBuildFile; fileRef = F0EE22E72B93619900906035 /* LoanViewModel.swift */; };
		F0EE22EA2B93625B00906035 /* LoanApp.swift in Sources */ = {isa = PBXBuildFile; fileRef = F0EE22E92B93625B00906035 /* LoanApp.swift */; };
		F0EE22EF2B93703800906035 /* LoanViewModelTest.swift in Sources */ = {isa = PBXBuildFile; fileRef = F0EE22EE2B93703800906035 /* LoanViewModelTest.swift */; };
		F0EE22F12B9379CA00906035 /* Color.xcassets in Resources */ = {isa = PBXBuildFile; fileRef = F0EE22F02B9379CA00906035 /* Color.xcassets */; };
/* End PBXBuildFile section */

/* Begin PBXContainerItemProxy section */
		F0EE22B72B9355AD00906035 /* PBXContainerItemProxy */ = {
			isa = PBXContainerItemProxy;
			containerPortal = F0EE229E2B9355AC00906035 /* Project object */;
			proxyType = 1;
			remoteGlobalIDString = F0EE22A52B9355AC00906035;
			remoteInfo = ActiveOneTest;
		};
/* End PBXContainerItemProxy section */

/* Begin PBXFileReference section */
		F0D2F5492B93A89D0091098E /* LoanDetailView.swift */ = {isa = PBXFileReference; lastKnownFileType = sourcecode.swift; path = LoanDetailView.swift; sourceTree = "<group>"; };
		F0EE22A62B9355AC00906035 /* ActiveOneTest.app */ = {isa = PBXFileReference; explicitFileType = wrapper.application; includeInIndex = 0; path = ActiveOneTest.app; sourceTree = BUILT_PRODUCTS_DIR; };
		F0EE22AD2B9355AD00906035 /* Assets.xcassets */ = {isa = PBXFileReference; lastKnownFileType = folder.assetcatalog; path = Assets.xcassets; sourceTree = "<group>"; };
		F0EE22B02B9355AD00906035 /* Preview Assets.xcassets */ = {isa = PBXFileReference; lastKnownFileType = folder.assetcatalog; path = "Preview Assets.xcassets"; sourceTree = "<group>"; };
		F0EE22B62B9355AD00906035 /* ActiveOneTestTests.xctest */ = {isa = PBXFileReference; explicitFileType = wrapper.cfbundle; includeInIndex = 0; path = ActiveOneTestTests.xctest; sourceTree = BUILT_PRODUCTS_DIR; };
		F0EE22D42B93560800906035 /* LoanModel.swift */ = {isa = PBXFileReference; lastKnownFileType = sourcecode.swift; path = LoanModel.swift; sourceTree = "<group>"; };
		F0EE22D72B9358F200906035 /* LoanService.swift */ = {isa = PBXFileReference; lastKnownFileType = sourcecode.swift; path = LoanService.swift; sourceTree = "<group>"; };
		F0EE22DB2B935C0700906035 /* LoanMock.swift */ = {isa = PBXFileReference; lastKnownFileType = sourcecode.swift; path = LoanMock.swift; sourceTree = "<group>"; };
		F0EE22DF2B93600300906035 /* LoanView.swift */ = {isa = PBXFileReference; lastKnownFileType = sourcecode.swift; path = LoanView.swift; sourceTree = "<group>"; };
		F0EE22E72B93619900906035 /* LoanViewModel.swift */ = {isa = PBXFileReference; lastKnownFileType = sourcecode.swift; path = LoanViewModel.swift; sourceTree = "<group>"; };
		F0EE22E92B93625B00906035 /* LoanApp.swift */ = {isa = PBXFileReference; lastKnownFileType = sourcecode.swift; path = LoanApp.swift; sourceTree = "<group>"; };
		F0EE22EE2B93703800906035 /* LoanViewModelTest.swift */ = {isa = PBXFileReference; lastKnownFileType = sourcecode.swift; path = LoanViewModelTest.swift; sourceTree = "<group>"; };
		F0EE22F02B9379CA00906035 /* Color.xcassets */ = {isa = PBXFileReference; lastKnownFileType = folder.assetcatalog; path = Color.xcassets; sourceTree = "<group>"; };
/* End PBXFileReference section */

/* Begin PBXFrameworksBuildPhase section */
		F0EE22A32B9355AC00906035 /* Frameworks */ = {
			isa = PBXFrameworksBuildPhase;
			buildActionMask = 2147483647;
			files = (
			);
			runOnlyForDeploymentPostprocessing = 0;
		};
		F0EE22B32B9355AD00906035 /* Frameworks */ = {
			isa = PBXFrameworksBuildPhase;
			buildActionMask = 2147483647;
			files = (
			);
			runOnlyForDeploymentPostprocessing = 0;
		};
/* End PBXFrameworksBuildPhase section */

/* Begin PBXGroup section */
		F0EE229D2B9355AC00906035 = {
			isa = PBXGroup;
			children = (
				F0EE22A82B9355AC00906035 /* ActiveOneTest */,
				F0EE22B92B9355AD00906035 /* ActiveOneTestTests */,
				F0EE22A72B9355AC00906035 /* Products */,
			);
			sourceTree = "<group>";
		};
		F0EE22A72B9355AC00906035 /* Products */ = {
			isa = PBXGroup;
			children = (
				F0EE22A62B9355AC00906035 /* ActiveOneTest.app */,
				F0EE22B62B9355AD00906035 /* ActiveOneTestTests.xctest */,
			);
			name = Products;
			sourceTree = "<group>";
		};
		F0EE22A82B9355AC00906035 /* ActiveOneTest */ = {
			isa = PBXGroup;
			children = (
				F0EE22DE2B935FE000906035 /* View */,
				F0EE22DD2B935FD600906035 /* ViewModel */,
				F0EE22D92B935BF100906035 /* Util */,
				F0EE22D62B9358D300906035 /* Services */,
				F0EE22D32B9355F100906035 /* Model */,
				F0EE22AD2B9355AD00906035 /* Assets.xcassets */,
				F0EE22F02B9379CA00906035 /* Color.xcassets */,
				F0EE22AF2B9355AD00906035 /* Preview Content */,
			);
			path = ActiveOneTest;
			sourceTree = "<group>";
		};
		F0EE22AF2B9355AD00906035 /* Preview Content */ = {
			isa = PBXGroup;
			children = (
				F0EE22B02B9355AD00906035 /* Preview Assets.xcassets */,
			);
			path = "Preview Content";
			sourceTree = "<group>";
		};
		F0EE22B92B9355AD00906035 /* ActiveOneTestTests */ = {
			isa = PBXGroup;
			children = (
				F0EE22EE2B93703800906035 /* LoanViewModelTest.swift */,
			);
			path = ActiveOneTestTests;
			sourceTree = "<group>";
		};
		F0EE22D32B9355F100906035 /* Model */ = {
			isa = PBXGroup;
			children = (
				F0EE22D42B93560800906035 /* LoanModel.swift */,
			);
			path = Model;
			sourceTree = "<group>";
		};
		F0EE22D62B9358D300906035 /* Services */ = {
			isa = PBXGroup;
			children = (
				F0EE22D72B9358F200906035 /* LoanService.swift */,
			);
			path = Services;
			sourceTree = "<group>";
		};
		F0EE22D92B935BF100906035 /* Util */ = {
			isa = PBXGroup;
			children = (
				F0EE22DA2B935BF700906035 /* Mocks */,
			);
			path = Util;
			sourceTree = "<group>";
		};
		F0EE22DA2B935BF700906035 /* Mocks */ = {
			isa = PBXGroup;
			children = (
				F0EE22DB2B935C0700906035 /* LoanMock.swift */,
			);
			path = Mocks;
			sourceTree = "<group>";
		};
		F0EE22DD2B935FD600906035 /* ViewModel */ = {
			isa = PBXGroup;
			children = (
				F0EE22E72B93619900906035 /* LoanViewModel.swift */,
			);
			path = ViewModel;
			sourceTree = "<group>";
		};
		F0EE22DE2B935FE000906035 /* View */ = {
			isa = PBXGroup;
			children = (
				F0EE22DF2B93600300906035 /* LoanView.swift */,
				F0EE22E92B93625B00906035 /* LoanApp.swift */,
				F0D2F5492B93A89D0091098E /* LoanDetailView.swift */,
			);
			path = View;
			sourceTree = "<group>";
		};
/* End PBXGroup section */

/* Begin PBXNativeTarget section */
		F0EE22A52B9355AC00906035 /* ActiveOneTest */ = {
			isa = PBXNativeTarget;
			buildConfigurationList = F0EE22CA2B9355AD00906035 /* Build configuration list for PBXNativeTarget "ActiveOneTest" */;
			buildPhases = (
				F0EE22A22B9355AC00906035 /* Sources */,
				F0EE22A32B9355AC00906035 /* Frameworks */,
				F0EE22A42B9355AC00906035 /* Resources */,
			);
			buildRules = (
			);
			dependencies = (
			);
			name = ActiveOneTest;
			productName = ActiveOneTest;
			productReference = F0EE22A62B9355AC00906035 /* ActiveOneTest.app */;
			productType = "com.apple.product-type.application";
		};
		F0EE22B52B9355AD00906035 /* ActiveOneTestTests */ = {
			isa = PBXNativeTarget;
			buildConfigurationList = F0EE22CD2B9355AD00906035 /* Build configuration list for PBXNativeTarget "ActiveOneTestTests" */;
			buildPhases = (
				F0EE22B22B9355AD00906035 /* Sources */,
				F0EE22B32B9355AD00906035 /* Frameworks */,
				F0EE22B42B9355AD00906035 /* Resources */,
			);
			buildRules = (
			);
			dependencies = (
				F0EE22B82B9355AD00906035 /* PBXTargetDependency */,
			);
			name = ActiveOneTestTests;
			productName = ActiveOneTestTests;
			productReference = F0EE22B62B9355AD00906035 /* ActiveOneTestTests.xctest */;
			productType = "com.apple.product-type.bundle.unit-test";
		};
/* End PBXNativeTarget section */

/* Begin PBXProject section */
		F0EE229E2B9355AC00906035 /* Project object */ = {
			isa = PBXProject;
			attributes = {
				BuildIndependentTargetsInParallel = 1;
				LastSwiftUpdateCheck = 1520;
				LastUpgradeCheck = 1520;
				TargetAttributes = {
					F0EE22A52B9355AC00906035 = {
						CreatedOnToolsVersion = 15.2;
					};
					F0EE22B52B9355AD00906035 = {
						CreatedOnToolsVersion = 15.2;
						LastSwiftMigration = 1520;
						TestTargetID = F0EE22A52B9355AC00906035;
					};
				};
			};
			buildConfigurationList = F0EE22A12B9355AC00906035 /* Build configuration list for PBXProject "ActiveOneTest" */;
			compatibilityVersion = "Xcode 14.0";
			developmentRegion = en;
			hasScannedForEncodings = 0;
			knownRegions = (
				en,
				Base,
			);
			mainGroup = F0EE229D2B9355AC00906035;
			productRefGroup = F0EE22A72B9355AC00906035 /* Products */;
			projectDirPath = "";
			projectRoot = "";
			targets = (
				F0EE22A52B9355AC00906035 /* ActiveOneTest */,
				F0EE22B52B9355AD00906035 /* ActiveOneTestTests */,
			);
		};
/* End PBXProject section */

/* Begin PBXResourcesBuildPhase section */
		F0EE22A42B9355AC00906035 /* Resources */ = {
			isa = PBXResourcesBuildPhase;
			buildActionMask = 2147483647;
			files = (
				F0EE22B12B9355AD00906035 /* Preview Assets.xcassets in Resources */,
				F0EE22AE2B9355AD00906035 /* Assets.xcassets in Resources */,
				F0EE22F12B9379CA00906035 /* Color.xcassets in Resources */,
			);
			runOnlyForDeploymentPostprocessing = 0;
		};
		F0EE22B42B9355AD00906035 /* Resources */ = {
			isa = PBXResourcesBuildPhase;
			buildActionMask = 2147483647;
			files = (
			);
			runOnlyForDeploymentPostprocessing = 0;
		};
/* End PBXResourcesBuildPhase section */

/* Begin PBXSourcesBuildPhase section */
		F0EE22A22B9355AC00906035 /* Sources */ = {
			isa = PBXSourcesBuildPhase;
			buildActionMask = 2147483647;
			files = (
				F0EE22D52B93560800906035 /* LoanModel.swift in Sources */,
				F0EE22EA2B93625B00906035 /* LoanApp.swift in Sources */,
				F0EE22DC2B935C0700906035 /* LoanMock.swift in Sources */,
				F0EE22E02B93600300906035 /* LoanView.swift in Sources */,
				F0EE22E82B93619900906035 /* LoanViewModel.swift in Sources */,
				F0EE22D82B9358F200906035 /* LoanService.swift in Sources */,
				F0D2F54A2B93A89D0091098E /* LoanDetailView.swift in Sources */,
			);
			runOnlyForDeploymentPostprocessing = 0;
		};
		F0EE22B22B9355AD00906035 /* Sources */ = {
			isa = PBXSourcesBuildPhase;
			buildActionMask = 2147483647;
			files = (
				F0EE22EF2B93703800906035 /* LoanViewModelTest.swift in Sources */,
			);
			runOnlyForDeploymentPostprocessing = 0;
		};
/* End PBXSourcesBuildPhase section */

/* Begin PBXTargetDependency section */
		F0EE22B82B9355AD00906035 /* PBXTargetDependency */ = {
			isa = PBXTargetDependency;
			target = F0EE22A52B9355AC00906035 /* ActiveOneTest */;
			targetProxy = F0EE22B72B9355AD00906035 /* PBXContainerItemProxy */;
		};
/* End PBXTargetDependency section */

/* Begin XCBuildConfiguration section */
		F0EE22C82B9355AD00906035 /* Debug */ = {
			isa = XCBuildConfiguration;
			buildSettings = {
				ALWAYS_SEARCH_USER_PATHS = NO;
				ASSETCATALOG_COMPILER_GENERATE_SWIFT_ASSET_SYMBOL_EXTENSIONS = YES;
				CLANG_ANALYZER_NONNULL = YES;
				CLANG_ANALYZER_NUMBER_OBJECT_CONVERSION = YES_AGGRESSIVE;
				CLANG_CXX_LANGUAGE_STANDARD = "gnu++20";
				CLANG_ENABLE_MODULES = YES;
				CLANG_ENABLE_OBJC_ARC = YES;
				CLANG_ENABLE_OBJC_WEAK = YES;
				CLANG_WARN_BLOCK_CAPTURE_AUTORELEASING = YES;
				CLANG_WARN_BOOL_CONVERSION = YES;
				CLANG_WARN_COMMA = YES;
				CLANG_WARN_CONSTANT_CONVERSION = YES;
				CLANG_WARN_DEPRECATED_OBJC_IMPLEMENTATIONS = YES;
				CLANG_WARN_DIRECT_OBJC_ISA_USAGE = YES_ERROR;
				CLANG_WARN_DOCUMENTATION_COMMENTS = YES;
				CLANG_WARN_EMPTY_BODY = YES;
				CLANG_WARN_ENUM_CONVERSION = YES;
				CLANG_WARN_INFINITE_RECURSION = YES;
				CLANG_WARN_INT_CONVERSION = YES;
				CLANG_WARN_NON_LITERAL_NULL_CONVERSION = YES;
				CLANG_WARN_OBJC_IMPLICIT_RETAIN_SELF = YES;
				CLANG_WARN_OBJC_LITERAL_CONVERSION = YES;
				CLANG_WARN_OBJC_ROOT_CLASS = YES_ERROR;
				CLANG_WARN_QUOTED_INCLUDE_IN_FRAMEWORK_HEADER = YES;
				CLANG_WARN_RANGE_LOOP_ANALYSIS = YES;
				CLANG_WARN_STRICT_PROTOTYPES = YES;
				CLANG_WARN_SUSPICIOUS_MOVE = YES;
				CLANG_WARN_UNGUARDED_AVAILABILITY = YES_AGGRESSIVE;
				CLANG_WARN_UNREACHABLE_CODE = YES;
				CLANG_WARN__DUPLICATE_METHOD_MATCH = YES;
				COPY_PHASE_STRIP = NO;
				DEBUG_INFORMATION_FORMAT = dwarf;
				ENABLE_STRICT_OBJC_MSGSEND = YES;
				ENABLE_TESTABILITY = YES;
				ENABLE_USER_SCRIPT_SANDBOXING = YES;
				GCC_C_LANGUAGE_STANDARD = gnu17;
				GCC_DYNAMIC_NO_PIC = NO;
				GCC_NO_COMMON_BLOCKS = YES;
				GCC_OPTIMIZATION_LEVEL = 0;
				GCC_PREPROCESSOR_DEFINITIONS = (
					"DEBUG=1",
					"$(inherited)",
				);
				GCC_WARN_64_TO_32_BIT_CONVERSION = YES;
				GCC_WARN_ABOUT_RETURN_TYPE = YES_ERROR;
				GCC_WARN_UNDECLARED_SELECTOR = YES;
				GCC_WARN_UNINITIALIZED_AUTOS = YES_AGGRESSIVE;
				GCC_WARN_UNUSED_FUNCTION = YES;
				GCC_WARN_UNUSED_VARIABLE = YES;
				IPHONEOS_DEPLOYMENT_TARGET = 17.2;
				LOCALIZATION_PREFERS_STRING_CATALOGS = YES;
				MTL_ENABLE_DEBUG_INFO = INCLUDE_SOURCE;
				MTL_FAST_MATH = YES;
				ONLY_ACTIVE_ARCH = YES;
				SDKROOT = iphoneos;
				SWIFT_ACTIVE_COMPILATION_CONDITIONS = "DEBUG $(inherited)";
				SWIFT_OPTIMIZATION_LEVEL = "-Onone";
			};
			name = Debug;
		};
		F0EE22C92B9355AD00906035 /* Release */ = {
			isa = XCBuildConfiguration;
			buildSettings = {
				ALWAYS_SEARCH_USER_PATHS = NO;
				ASSETCATALOG_COMPILER_GENERATE_SWIFT_ASSET_SYMBOL_EXTENSIONS = YES;
				CLANG_ANALYZER_NONNULL = YES;
				CLANG_ANALYZER_NUMBER_OBJECT_CONVERSION = YES_AGGRESSIVE;
				CLANG_CXX_LANGUAGE_STANDARD = "gnu++20";
				CLANG_ENABLE_MODULES = YES;
				CLANG_ENABLE_OBJC_ARC = YES;
				CLANG_ENABLE_OBJC_WEAK = YES;
				CLANG_WARN_BLOCK_CAPTURE_AUTORELEASING = YES;
				CLANG_WARN_BOOL_CONVERSION = YES;
				CLANG_WARN_COMMA = YES;
				CLANG_WARN_CONSTANT_CONVERSION = YES;
				CLANG_WARN_DEPRECATED_OBJC_IMPLEMENTATIONS = YES;
				CLANG_WARN_DIRECT_OBJC_ISA_USAGE = YES_ERROR;
				CLANG_WARN_DOCUMENTATION_COMMENTS = YES;
				CLANG_WARN_EMPTY_BODY = YES;
				CLANG_WARN_ENUM_CONVERSION = YES;
				CLANG_WARN_INFINITE_RECURSION = YES;
				CLANG_WARN_INT_CONVERSION = YES;
				CLANG_WARN_NON_LITERAL_NULL_CONVERSION = YES;
				CLANG_WARN_OBJC_IMPLICIT_RETAIN_SELF = YES;
				CLANG_WARN_OBJC_LITERAL_CONVERSION = YES;
				CLANG_WARN_OBJC_ROOT_CLASS = YES_ERROR;
				CLANG_WARN_QUOTED_INCLUDE_IN_FRAMEWORK_HEADER = YES;
				CLANG_WARN_RANGE_LOOP_ANALYSIS = YES;
				CLANG_WARN_STRICT_PROTOTYPES = YES;
				CLANG_WARN_SUSPICIOUS_MOVE = YES;
				CLANG_WARN_UNGUARDED_AVAILABILITY = YES_AGGRESSIVE;
				CLANG_WARN_UNREACHABLE_CODE = YES;
				CLANG_WARN__DUPLICATE_METHOD_MATCH = YES;
				COPY_PHASE_STRIP = NO;
				DEBUG_INFORMATION_FORMAT = "dwarf-with-dsym";
				ENABLE_NS_ASSERTIONS = NO;
				ENABLE_STRICT_OBJC_MSGSEND = YES;
				ENABLE_USER_SCRIPT_SANDBOXING = YES;
				GCC_C_LANGUAGE_STANDARD = gnu17;
				GCC_NO_COMMON_BLOCKS = YES;
				GCC_WARN_64_TO_32_BIT_CONVERSION = YES;
				GCC_WARN_ABOUT_RETURN_TYPE = YES_ERROR;
				GCC_WARN_UNDECLARED_SELECTOR = YES;
				GCC_WARN_UNINITIALIZED_AUTOS = YES_AGGRESSIVE;
				GCC_WARN_UNUSED_FUNCTION = YES;
				GCC_WARN_UNUSED_VARIABLE = YES;
				IPHONEOS_DEPLOYMENT_TARGET = 17.2;
				LOCALIZATION_PREFERS_STRING_CATALOGS = YES;
				MTL_ENABLE_DEBUG_INFO = NO;
				MTL_FAST_MATH = YES;
				SDKROOT = iphoneos;
				SWIFT_COMPILATION_MODE = wholemodule;
				VALIDATE_PRODUCT = YES;
			};
			name = Release;
		};
		F0EE22CB2B9355AD00906035 /* Debug */ = {
			isa = XCBuildConfiguration;
			buildSettings = {
				ASSETCATALOG_COMPILER_APPICON_NAME = AppIcon;
				ASSETCATALOG_COMPILER_GLOBAL_ACCENT_COLOR_NAME = AccentColor;
				CODE_SIGN_STYLE = Automatic;
				CURRENT_PROJECT_VERSION = 1;
				DEVELOPMENT_ASSET_PATHS = "\"ActiveOneTest/Preview Content\"";
				ENABLE_PREVIEWS = YES;
				GENERATE_INFOPLIST_FILE = YES;
				INFOPLIST_KEY_UIApplicationSceneManifest_Generation = YES;
				INFOPLIST_KEY_UIApplicationSupportsIndirectInputEvents = YES;
				INFOPLIST_KEY_UILaunchScreen_Generation = YES;
				INFOPLIST_KEY_UISupportedInterfaceOrientations_iPad = "UIInterfaceOrientationPortrait UIInterfaceOrientationPortraitUpsideDown UIInterfaceOrientationLandscapeLeft UIInterfaceOrientationLandscapeRight";
				INFOPLIST_KEY_UISupportedInterfaceOrientations_iPhone = "UIInterfaceOrientationPortrait UIInterfaceOrientationLandscapeLeft UIInterfaceOrientationLandscapeRight";
				LD_RUNPATH_SEARCH_PATHS = (
					"$(inherited)",
					"@executable_path/Frameworks",
				);
				MARKETING_VERSION = 1.0;
				PRODUCT_BUNDLE_IDENTIFIER = com.activeone.test.ActiveOneTest;
				PRODUCT_NAME = "$(TARGET_NAME)";
				SWIFT_EMIT_LOC_STRINGS = YES;
				SWIFT_VERSION = 5.0;
				TARGETED_DEVICE_FAMILY = "1,2";
			};
			name = Debug;
		};
		F0EE22CC2B9355AD00906035 /* Release */ = {
			isa = XCBuildConfiguration;
			buildSettings = {
				ASSETCATALOG_COMPILER_APPICON_NAME = AppIcon;
				ASSETCATALOG_COMPILER_GLOBAL_ACCENT_COLOR_NAME = AccentColor;
				CODE_SIGN_STYLE = Automatic;
				CURRENT_PROJECT_VERSION = 1;
				DEVELOPMENT_ASSET_PATHS = "\"ActiveOneTest/Preview Content\"";
				ENABLE_PREVIEWS = YES;
				GENERATE_INFOPLIST_FILE = YES;
				INFOPLIST_KEY_UIApplicationSceneManifest_Generation = YES;
				INFOPLIST_KEY_UIApplicationSupportsIndirectInputEvents = YES;
				INFOPLIST_KEY_UILaunchScreen_Generation = YES;
				INFOPLIST_KEY_UISupportedInterfaceOrientations_iPad = "UIInterfaceOrientationPortrait UIInterfaceOrientationPortraitUpsideDown UIInterfaceOrientationLandscapeLeft UIInterfaceOrientationLandscapeRight";
				INFOPLIST_KEY_UISupportedInterfaceOrientations_iPhone = "UIInterfaceOrientationPortrait UIInterfaceOrientationLandscapeLeft UIInterfaceOrientationLandscapeRight";
				LD_RUNPATH_SEARCH_PATHS = (
					"$(inherited)",
					"@executable_path/Frameworks",
				);
				MARKETING_VERSION = 1.0;
				PRODUCT_BUNDLE_IDENTIFIER = com.activeone.test.ActiveOneTest;
				PRODUCT_NAME = "$(TARGET_NAME)";
				SWIFT_EMIT_LOC_STRINGS = YES;
				SWIFT_VERSION = 5.0;
				TARGETED_DEVICE_FAMILY = "1,2";
			};
			name = Release;
		};
		F0EE22CE2B9355AD00906035 /* Debug */ = {
			isa = XCBuildConfiguration;
			buildSettings = {
				ALWAYS_EMBED_SWIFT_STANDARD_LIBRARIES = YES;
				BUNDLE_LOADER = "$(TEST_HOST)";
				CLANG_ENABLE_MODULES = YES;
				CODE_SIGN_STYLE = Automatic;
				CURRENT_PROJECT_VERSION = 1;
				GENERATE_INFOPLIST_FILE = YES;
				IPHONEOS_DEPLOYMENT_TARGET = 17.2;
				MARKETING_VERSION = 1.0;
				PRODUCT_BUNDLE_IDENTIFIER = com.activeone.test.ActiveOneTestTests;
				PRODUCT_NAME = "$(TARGET_NAME)";
				SWIFT_EMIT_LOC_STRINGS = NO;
				SWIFT_OBJC_BRIDGING_HEADER = "";
				SWIFT_OPTIMIZATION_LEVEL = "-Onone";
				SWIFT_VERSION = 5.0;
				TARGETED_DEVICE_FAMILY = "1,2";
				TEST_HOST = "$(BUILT_PRODUCTS_DIR)/ActiveOneTest.app/$(BUNDLE_EXECUTABLE_FOLDER_PATH)/ActiveOneTest";
			};
			name = Debug;
		};
		F0EE22CF2B9355AD00906035 /* Release */ = {
			isa = XCBuildConfiguration;
			buildSettings = {
				ALWAYS_EMBED_SWIFT_STANDARD_LIBRARIES = YES;
				BUNDLE_LOADER = "$(TEST_HOST)";
				CLANG_ENABLE_MODULES = YES;
				CODE_SIGN_STYLE = Automatic;
				CURRENT_PROJECT_VERSION = 1;
				GENERATE_INFOPLIST_FILE = YES;
				IPHONEOS_DEPLOYMENT_TARGET = 17.2;
				MARKETING_VERSION = 1.0;
				PRODUCT_BUNDLE_IDENTIFIER = com.activeone.test.ActiveOneTestTests;
				PRODUCT_NAME = "$(TARGET_NAME)";
				SWIFT_EMIT_LOC_STRINGS = NO;
				SWIFT_OBJC_BRIDGING_HEADER = "";
				SWIFT_VERSION = 5.0;
				TARGETED_DEVICE_FAMILY = "1,2";
				TEST_HOST = "$(BUILT_PRODUCTS_DIR)/ActiveOneTest.app/$(BUNDLE_EXECUTABLE_FOLDER_PATH)/ActiveOneTest";
			};
			name = Release;
		};
/* End XCBuildConfiguration section */

/* Begin XCConfigurationList section */
		F0EE22A12B9355AC00906035 /* Build configuration list for PBXProject "ActiveOneTest" */ = {
			isa = XCConfigurationList;
			buildConfigurations = (
				F0EE22C82B9355AD00906035 /* Debug */,
				F0EE22C92B9355AD00906035 /* Release */,
			);
			defaultConfigurationIsVisible = 0;
			defaultConfigurationName = Release;
		};
		F0EE22CA2B9355AD00906035 /* Build configuration list for PBXNativeTarget "ActiveOneTest" */ = {
			isa = XCConfigurationList;
			buildConfigurations = (
				F0EE22CB2B9355AD00906035 /* Debug */,
				F0EE22CC2B9355AD00906035 /* Release */,
			);
			defaultConfigurationIsVisible = 0;
			defaultConfigurationName = Release;
		};
		F0EE22CD2B9355AD00906035 /* Build configuration list for PBXNativeTarget "ActiveOneTestTests" */ = {
			isa = XCConfigurationList;
			buildConfigurations = (
				F0EE22CE2B9355AD00906035 /* Debug */,
				F0EE22CF2B9355AD00906035 /* Release */,
			);
			defaultConfigurationIsVisible = 0;
			defaultConfigurationName = Release;
		};
/* End XCConfigurationList section */
	};
	rootObject = F0EE229E2B9355AC00906035 /* Project object */;
}
